
Microsoft Visual Studio Solution File, Format Version 12.00
# Visual Studio Version 17
VisualStudioVersion = 17.4.33205.214
MinimumVisualStudioVersion = 10.0.40219.1
Project("{FAE04EC0-301F-11D3-BF4B-00C04F79EFBC}") = "PlagueGun", "PlagueGun\PlagueGun.csproj", "{43C5EF36-F4EC-4467-B79D-59D485A8F47B}"
EndProject
Global
	GlobalSection(SolutionConfigurationPlatforms) = preSolution
		Debug|Any CPU = Debug|Any CPU
		Release|Any CPU = Release|Any CPU
	EndGlobalSection
	GlobalSection(ProjectConfigurationPlatforms) = postSolution
		{43C5EF36-F4EC-4467-B79D-59D485A8F47B}.Debug|Any CPU.ActiveCfg = Release|Any CPU
		{43C5EF36-F4EC-4467-B79D-59D485A8F47B}.Debug|Any CPU.Build.0 = Release|Any CPU
		{43C5EF36-F4EC-4467-B79D-59D485A8F47B}.Release|Any CPU.ActiveCfg = Release|Any CPU
		{43C5EF36-F4EC-4467-B79D-59D485A8F47B}.Release|Any CPU.Build.0 = Release|Any CPU
	EndGlobalSection
	GlobalSection(SolutionProperties) = preSolution
		HideSolutionNode = FALSE
	EndGlobalSection
	GlobalSection(ExtensibilityGlobals) = postSolution
		SolutionGuid = {54D0B162-1010-4B53-A1DF-04754EE36433}
	EndGlobalSection
EndGlobal
